# This file was autogenerated by uv via the following command:
#    uv export --no-dev --no-hashes -o requirements.lock
annotated-types==0.7.0
    # via pydantic
anyio==4.13.0
    # via
    #   starlette
    #   watchfiles
click==8.4.1
    # via uvicorn
colorama==0.4.6 ; sys_platform == 'win32'
    # via
    #   click
    #   uvicorn
coloredlogs==15.0.1
    # via onnxruntime
fastapi==0.115.5
    # via nuclei-segmentation-backend
flatbuffers==25.12.19
    # via onnxruntime
h11==0.16.0
    # via uvicorn
httptools==0.8.0
    # via uvicorn
humanfriendly==10.0
    # via coloredlogs
idna==3.17
    # via anyio
mpmath==1.3.0
    # via sympy
numpy==1.26.4
    # via
    #   nuclei-segmentation-backend
    #   onnxruntime
onnxruntime==1.20.1
    # via nuclei-segmentation-backend
packaging==26.2
    # via onnxruntime
pillow==11.1.0
    # via nuclei-segmentation-backend
protobuf==7.35.0
    # via onnxruntime
pydantic==2.13.4
    # via fastapi
pydantic-core==2.46.4
    # via pydantic
pyreadline3==3.5.6 ; sys_platform == 'win32'
    # via humanfriendly
python-dotenv==1.2.2
    # via uvicorn
python-multipart==0.0.18
    # via nuclei-segmentation-backend
pyyaml==6.0.3
    # via uvicorn
starlette==0.41.3
    # via fastapi
sympy==1.14.0
    # via onnxruntime
typing-extensions==4.15.0
    # via
    #   anyio
    #   fastapi
    #   pydantic
    #   pydantic-core
    #   typing-inspection
typing-inspection==0.4.2
    # via pydantic
uvicorn==0.32.1
    # via nuclei-segmentation-backend
uvloop==0.22.1 ; platform_python_implementation != 'PyPy' and sys_platform != 'cygwin' and sys_platform != 'win32'
    # via uvicorn
watchfiles==1.2.0
    # via uvicorn
websockets==16.0
    # via uvicorn
